lockfileVersion: '9.0'

settings:
  autoInstallPeers: true
  excludeLinksFromLockfile: false

importers:

  .:
    dependencies:
      '@deepseek-ai/dsh-host-webserver':
        specifier: '*'
        version: 0.0.1-rc.1(@deepseek-ai/cordis@4.0.1)(@deepseek-ai/dsh-invariants@0.0.1-rc.1(@deepseek-ai/cordis@4.0.1))
      '@deepseek-ai/schemastery':
        specifier: ^3.0.0
        version: 3.18.1
    devDependencies:
      '@deepseek-ai/cordis':
        specifier: ^4.0.1
        version: 4.0.1
      '@types/node':
        specifier: ^22.0.0
        version: 22.20.1
      tsdown:
        specifier: ^0.6.0
        version: 0.6.10(typescript@5.9.3)
      typescript:
        specifier: ^5.0.0
        version: 5.9.3

packages:

  '@babel/code-frame@8.0.0':
    resolution: {integrity: sha512-dYYg153EyN2Ekbqw2zAsbd6/JR+9N2SEoC7YV2GyyqMM7x9bLDTjBD6XBhSMLH0wtIVyJj03jWNriQhaN+eoCw==}
    engines: {node: ^22.18.0 || >=24.11.0}

  '@babel/helper-validator-identifier@8.0.4':
    resolution: {integrity: sha512-4wFaiLd0bVo4cIoTXI3zKI038NIWE/cr3jvBjejOVYVxV/m8Ltav1USiGzG1fmS5J2RhgEOgXNNK46cRPnRsrg==}
    engines: {node: ^22.18.0 || >=24.11.0}

  '@deepseek-ai/cordis@4.0.1':
    resolution: {integrity: sha512-YBdskTU2Po1kru3GgcUWUbkTsPMA9LkSQDAY8rBkFJeajdgcQad3QPJZE26JyK99Xb6HaASvoXg2DSUTeN/0Nw==}
    hasBin: true
    peerDependencies:
      '@deepseek-ai/cordis-plugin-include': ^1.0.6
      '@deepseek-ai/cordis-plugin-loader': ^1.0.2
    peerDependenciesMeta:
      '@deepseek-ai/cordis-plugin-include':
        optional: true
      '@deepseek-ai/cordis-plugin-loader':
        optional: true

  '@deepseek-ai/cosmokit@1.8.2':
    resolution: {integrity: sha512-muBOKtSrUKU5m/xpq8ZXWL6hQ/jgd4PhU2PqH97bcxIiLEJfNwZOGQEx4t/aS/GgxRAR+ra9pMHPMtTHU4sqqA==}

  '@deepseek-ai/dsh-host-webserver@0.0.1-rc.1':
    resolution: {integrity: sha512-m/Ro36kS0p/usFM90AntgSVLIvHmzQ5Xvx2PgYZczdaD9SXhusy5PdUQxWBjS7KN+X/3gqjkrm2sRueiCOEfig==}
    peerDependencies:
      '@deepseek-ai/cordis': ^4.0.1-rc.1
      '@deepseek-ai/dsh-invariants': ^0.0.1-rc.1

  '@deepseek-ai/dsh-invariants@0.0.1-rc.1':
    resolution: {integrity: sha512-ZoGCGColviu3Tkdnv9hMkgBE4eg0hAz5GXR/knqRf7mJUeBlTCya2dIckYlqekYmp5L+1AeWxf9j+Lv1YRcvXw==}
    peerDependencies:
      '@deepseek-ai/cordis': ^4.0.1-rc.1

  '@deepseek-ai/schemastery@3.18.1':
    resolution: {integrity: sha512-Qn0FCSwCQnpnj6SB31I6i2sIKgKWnkbJM8O0EU91Gv2UsYVvtZTl6IA0sCwk2e2MZf5S8w5hpq9QkeVvK9qwxg==}

  '@emnapi/core@1.11.3':
    resolution: {integrity: sha512-zLpS5asjEb7lq8jYLq37N6XKaE41DIexlY1rF/z4/tIl3wo13Sqm28fRyfIsKZD+NZ8mM5RoKkpW/rBcuoSZSg==}

  '@emnapi/runtime@1.11.3':
    resolution: {integrity: sha512-Xz4Tpyki7XyrpbUK1jR1AhdAdaXyhhY4lZ3neLodmhpuWfy2PAQN5B46sAiU4liOXGLkHypn/qU+jvfWSCYYLA==}

  '@emnapi/wasi-threads@1.2.3':
    resolution: {integrity: sha512-ELEBe8PsLvvJ6QMr0zLt8ffvOHW/dc1m3CEzNMg7aJUv3bMaoDtw2TXyDAwkYBuroxxuHEwhRTLJSe5sya547g==}

  '@jridgewell/gen-mapping@0.3.13':
    resolution: {integrity: sha512-2kkt/7niJ6MgEPxF0bYdQ6etZaA+fQvDcLKckhy1yIQOzaoKjBBjSj63/aLVjYE3qhRt5dvM+uUyfCg6UKCBbA==}

  '@jridgewell/remapping@2.3.5':
    resolution: {integrity: sha512-LI9u/+laYG4Ds1TDKSJW2YPrIlcVYOwi2fUC6xB43lueCjgxV4lffOCZCtYFiH6TNOX+tQKXx97T4IKHbhyHEQ==}

  '@jridgewell/resolve-uri@3.1.2':
    resolution: {integrity: sha512-bRISgCIjP20/tbWSPWMEi54QVPRZExkuD9lJL+UIxUKtwVJA8wW1Trb1jMs1RFXo1CBTNZ/5hpC9QvmKWdopKw==}
    engines: {node: '>=6.0.0'}

  '@jridgewell/sourcemap-codec@1.5.5':
    resolution: {integrity: sha512-cYQ9310grqxueWbl+WuIUIaiUaDcj7WOq5fVhEljNVgRfOUhY9fy2zTvfoqWsnebh8Sl70VScFbICvJnLKB0Og==}

  '@jridgewell/trace-mapping@0.3.31':
    resolution: {integrity: sha512-zzNR+SdQSDJzc8joaeP8QQoCQr8NuYx2dIIytl1QeBEZHJ9uW6hebsrYgbz8hJwUQao3TWCMtmfV8Nu1twOLAw==}

  '@napi-rs/lzma-linux-x64-gnu@1.5.1':
    resolution: {integrity: sha512-oTXEIha4SsuXdTA4Iyskj0kpdx2yVXdhd75c2v3xGrHFfVMsbhTPZU/nMPL4sWKo4pBHm3aucLaqGlF696dTyQ==}
    engines: {node: ^22.20 || ^24.12 || >=25}
    cpu: [x64]
    os: [linux]
    libc: [glibc]

  '@napi-rs/wasm-runtime@0.2.12':
    resolution: {integrity: sha512-ZVWUcfwY4E/yPitQJl481FjFo3K22D6qF0DuFH6Y/nbnE11GY5uguDxZMGXPQ8WQ0128MXQD7TnfHyK4oWoIJQ==}

  '@oxc-parser/binding-darwin-arm64@0.68.1':
    resolution: {integrity: sha512-Y5FBQyPCLsldAZYEd+oZcUboXwpcLf42Lakx3EYtiYDbuK9M3IqBXMGxdM07P4PfGQrKYn6/cC8xAqkVHnbWPw==}
    engines: {node: '>=14.0.0'}
    cpu: [arm64]
    os: [darwin]

  '@oxc-parser/binding-darwin-x64@0.68.1':
    resolution: {integrity: sha512-nkiXpEKl8UOhNPdOY5hA2PFq9vQc9xVs7NFu2vUD9eH/j5uYfv8GnNaKkd+v6iH93JwEBxuK5gfwxiiCEMZRyg==}
    engines: {node: '>=14.0.0'}
    cpu: [x64]
    os: [darwin]

  '@oxc-parser/binding-linux-arm-gnueabihf@0.68.1':
    resolution: {integrity: sha512-38ejU7GP9sOILA82xcF9laJfCiwZWKp96+jeLQMkebZCfQqaGtld/hbJ2yvZ2laLQS3ISRasDemZEJuk/yb6Uw==}
    engines: {node: '>=14.0.0'}
    cpu: [arm]
    os: [linux]

  '@oxc-parser/binding-linux-arm64-gnu@0.68.1':
    resolution: {integrity: sha512-qJK9nzelQqMSLdZbWUpQ8rfSAiH5pgB7rR5OC3/DLbmvhnD+vvuet/67cNzYnGW4pcTzsWzcRTSkmH/b6VcDCA==}
    engines: {node: '>=14.0.0'}
    cpu: [arm64]
    os: [linux]
    libc: [glibc]

  '@oxc-parser/binding-linux-arm64-musl@0.68.1':
    resolution: {integrity: sha512-Fd/yP458VG5wit7uku9iEXzl+qfNTuYTVaxfo6EFsBokOf5Xs6Y4LFeKAjtZfb/eCCsc7UY75sAjDyOGnPnNWg==}
    engines: {node: '>=14.0.0'}
    cpu: [arm64]
    os: [linux]
    libc: [musl]

  '@oxc-parser/binding-linux-x64-gnu@0.68.1':
    resolution: {integrity: sha512-VH7q2GXcFKiecD2eNloB4o8Ho6dUeB92O9bS/GV0+Q/yZdu/l0zWXetaszaCviPHCf8YBQzpOHxzsqgVu0RYqQ==}
    engines: {node: '>=14.0.0'}
    cpu: [x64]
    os: [linux]
    libc: [glibc]

  '@oxc-parser/binding-linux-x64-musl@0.68.1':
    resolution: {integrity: sha512-35drWZMNp31JL0fjAK10pOfE20xVQXa7/o1NGqSGiZ2Huf4c0OK0TOggw+F7IEwPXpi5qOL6C+apY1zod8299A==}
    engines: {node: '>=14.0.0'}
    cpu: [x64]
    os: [linux]
    libc: [musl]

  '@oxc-parser/binding-wasm32-wasi@0.68.1':
    resolution: {integrity: sha512-MkTZeTYEqZm18b1TaLSEuo0MxeAv8MNaKSjEz0GgldV3+lNowMbTLusW/QEgYczx/J9/9Y/oYj36Rja7qmfe1Q==}
    engines: {node: '>=14.0.0'}
    cpu: [wasm32]

  '@oxc-parser/binding-win32-arm64-msvc@0.68.1':
    resolution: {integrity: sha512-27Mrz18+4l7ZzM5FYSCSXDOR+CfZPkxkDz85jADpOTO1lUxH+wkTZiTBAOYuyoyRYbjQOTiZzkYljXtDgNeeLg==}
    engines: {node: '>=14.0.0'}
    cpu: [arm64]
    os: [win32]

  '@oxc-parser/binding-win32-x64-msvc@0.68.1':
    resolution: {integrity: sha512-TUsmnbG2ysQ5bUSfWdDliDMXqu7KwAxtIkAtO4mzHKgEu5avVbqk26BhSJsEC9JXqWSo13yTYBmMtC498K3GzQ==}
    engines: {node: '>=14.0.0'}
    cpu: [x64]
    os: [win32]

  '@oxc-project/types@0.144.0':
    resolution: {integrity: sha512-nuhZIOLuI6TFQ32I/WnUx+SCPY7SdSKwgnFHydAuoS1+Z4BRcaP+RRJmGzl9lw+0OFF7UmaESf7KQRXaNLHypg==}

  '@oxc-project/types@0.68.1':
    resolution: {integrity: sha512-Q/H52+HXPPxuIHwQnVkEM8GebLnNcokkI4zQQdbxLIZdfxMGhAm9+gEqsMku3t95trN/1titHUmCM9NxbKaE2g==}

  '@oxc-resolver/binding-darwin-arm64@5.3.0':
    resolution: {integrity: sha512-hXem5ZAguS7IlSiHg/LK0tEfLj4eUo+9U6DaFwwBEGd0L0VIF9LmuiHydRyOrdnnmi9iAAFMAn/wl2cUoiuruA==}
    cpu: [arm64]
    os: [darwin]

  '@oxc-resolver/binding-darwin-x64@5.3.0':
    resolution: {integrity: sha512-wgSwfsZkRbuYCIBLxeg1bYrtKnirAy+IJF0lwfz4z08clgdNBDbfGECJe/cd0csIZPpRcvPFe8317yf31sWhtA==}
    cpu: [x64]
    os: [darwin]

  '@oxc-resolver/binding-freebsd-x64@5.3.0':
    resolution: {integrity: sha512-kzeE2WHgcRMmWjB071RdwEV5Pwke4o0WWslCKoh8if1puvxIxfzu3o7g6P2+v77BP5qop4cri+uvLABSO0WZjg==}
    cpu: [x64]
    os: [freebsd]

  '@oxc-resolver/binding-linux-arm-gnueabihf@5.3.0':
    resolution: {integrity: sha512-I8np34yZP/XfIkZNDbw3rweqVgfjmHYpNX3xnJZWg+f4mgO9/UNWBwetSaqXeDZqvIch/aHak+q4HVrQhQKCqg==}
    cpu: [arm]
    os: [linux]

  '@oxc-resolver/binding-linux-arm64-gnu@5.3.0':
    resolution: {integrity: sha512-u2ndfeEUrW898eXM+qPxIN8TvTPjI90NDQBRgaxxkOfNw3xaotloeiZGz5+Yzlfxgvxr9DY9FdYkqhUhSnGhOw==}
    cpu: [arm64]
    os: [linux]
    libc: [glibc]

  '@oxc-resolver/binding-linux-arm64-musl@5.3.0':
    resolution: {integrity: sha512-TzbjmFkcnESGuVItQ2diKacX8vu5G0bH3BHmIlmY4OSRLyoAlrJFwGKAHmh6C9+Amfcjo2rx8vdm7swzmsGC6Q==}
    cpu: [arm64]
    os: [linux]
    libc: [musl]

  '@oxc-resolver/binding-linux-riscv64-gnu@5.3.0':
    resolution: {integrity: sha512-NH3pjAqh8nuN29iRuRfTY42Vn03ctoR9VE8llfoUKUfhHUjFHYOXK5VSkhjj1usG8AeuesvqrQnLptCRQVTi/Q==}
    cpu: [riscv64]
    os: [linux]
    libc: [glibc]

  '@oxc-resolver/binding-linux-s390x-gnu@5.3.0':
    resolution: {integrity: sha512-tuZtkK9sJYh2MC2uhol1M/8IMTB6ZQ5jmqP2+k5XNXnOb/im94Y5uV/u2lXwVyIuKHZZHtr+0d1HrOiNahoKpw==}
    cpu: [s390x]
    os: [linux]
    libc: [glibc]

  '@oxc-resolver/binding-linux-x64-gnu@5.3.0':
    resolution: {integrity: sha512-VzhPYmZCtoES/ThcPdGSmMop7JlwgqtSvlgtKCW15ByV2JKyl8kHAHnPSBfpIooXb0ehFnRdxFtL9qtAEWy01g==}
    cpu: [x64]
    os: [linux]
    libc: [glibc]

  '@oxc-resolver/binding-linux-x64-musl@5.3.0':
    resolution: {integrity: sha512-Hi39cWzul24rGljN4Vf1lxjXzQdCrdxO5oCT7KJP4ndSlqIUODJnfnMAP1YhcnIRvNvk+5E6sZtnEmFUd/4d8Q==}
    cpu: [x64]
    os: [linux]
    libc: [musl]

  '@oxc-resolver/binding-wasm32-wasi@5.3.0':
    resolution: {integrity: sha512-ddujvHhP3chmHnSXRlkPVUeYj4/B7eLZwL4yUid+df3WCbVh6DgoT9RmllZn21AhxgKtMdekDdyVJYKFd8tl4A==}
    engines: {node: '>=14.0.0'}
    cpu: [wasm32]

  '@oxc-resolver/binding-win32-arm64-msvc@5.3.0':
    resolution: {integrity: sha512-j1YYPLvUkMVNKmIFQZZJ7q6Do4cI3htUnyxNLwDSBVhSohvPIK2VG+IdtOAlWZGa7v+phEZsHfNbXVwB0oPYFQ==}
    cpu: [arm64]
    os: [win32]

  '@oxc-resolver/binding-win32-x64-msvc@5.3.0':
    resolution: {integrity: sha512-LT9eOPPUqfZscQRd5mc08RBeDWOQf+dnOrKnanMallTGPe6g7+rcAlFTA8SWoJbcD45PV8yArFtCmSQSpzHZmg==}
    cpu: [x64]
    os: [win32]

  '@oxc-transform/binding-darwin-arm64@0.68.1':
    resolution: {integrity: sha512-YlyzH6V/6Ib0dRKQ2dBfcHtsFfijTUNsBo85YxlUd9+eqo0RglTT2BGv+b85Z1dvtOopuz5zEa3x5r/bMwjQdA==}
    engines: {node: '>=14.0.0'}
    cpu: [arm64]
    os: [darwin]

  '@oxc-transform/binding-darwin-x64@0.68.1':
    resolution: {integrity: sha512-NzCwmM8SymtXlftGU5EkLIgeoYoIGejC1Zs234tPNBuoJ9xTW4RVIe67+MV7ePRTUU1oTJSKC+RlIWJ4qvwzdQ==}
    engines: {node: '>=14.0.0'}
    cpu: [x64]
    os: [darwin]

  '@oxc-transform/binding-linux-arm-gnueabihf@0.68.1':
    resolution: {integrity: sha512-jgo1oEAFDR2jcp0BDF5bBRIMS9lyromAh5c9Kv914g8yPi6xMRGJmZkNkdBotjw3v0DG/Q7ECJUCgOABbmj5Lg==}
    engines: {node: '>=14.0.0'}
    cpu: [arm]
    os: [linux]

  '@oxc-transform/binding-linux-arm64-gnu@0.68.1':
    resolution: {integrity: sha512-3ZMKijcDfdtX7SXGLmyRouTGGOlON+poHPXrYAC+iFcKAVDnuoZuo/APZ6n33HQv5CCEijbdFoip8hxxfmvMLw==}
    engines: {node: '>=14.0.0'}
    cpu: [arm64]
    os: [linux]
    libc: [glibc]

  '@oxc-transform/binding-linux-arm64-musl@0.68.1':
    resolution: {integrity: sha512-sLsbrUuOxADLMPkzwxA+laDAa1GBIVxCf5UKoEtHwSqBR/v2Kmv5YYs94Hpjeqf8sHl34njRWVs3hGOhYag/cw==}
    engines: {node: '>=14.0.0'}
    cpu: [arm64]
    os: [linux]
    libc: [musl]

  '@oxc-transform/binding-linux-x64-gnu@0.68.1':
    resolution: {integrity: sha512-fcZo4h+9U7mETFIT5kJCFRTuo3X3Iflr82H86pFF0PdZCKdvFiQ29JGDHVhsgj77bP84DdEhGVxBVhvBwpMLlQ==}
    engines: {node: '>=14.0.0'}
    cpu: [x64]
    os: [linux]
    libc: [glibc]

  '@oxc-transform/binding-linux-x64-musl@0.68.1':
    resolution: {integrity: sha512-ORwnm9SOyVlDHbOFrATQx9L8OGs87JXbWeXOW4mCEbvFdByd6Ps5MHVDI2bWPAoegCRKKiok1ytZKKLA/WncCQ==}
    engines: {node: '>=14.0.0'}
    cpu: [x64]
    os: [linux]
    libc: [musl]

  '@oxc-transform/binding-wasm32-wasi@0.68.1':
    resolution: {integrity: sha512-j34+k0j508K//mnjSRIU0FMUF6+7fdzDyRT2NwEAgxOx10HGgDQ+SYjBXIljYoL1jrVP0RV53rRm5c9nvranng==}
    engines: {node: '>=14.0.0'}
    cpu: [wasm32]

  '@oxc-transform/binding-win32-arm64-msvc@0.68.1':
    resolution: {integrity: sha512-JFIfZbLr9i939nNXwjJ9j/k7ZJdXIfFjCAbRMhRC0xzMRRbLeCR4W15tn+ixu31nhBLXzaXiiUAnGfwrjI9yPA==}
    engines: {node: '>=14.0.0'}
    cpu: [arm64]
    os: [win32]

  '@oxc-transform/binding-win32-x64-msvc@0.68.1':
    resolution: {integrity: sha512-LkZaBYXFil4K1GS6wgkUVNfVliZANrek1RTwC66vD0KfjTkkzeaibQ5gEk4wvIb3EgntK9mFdYKSSQJmtL5bfQ==}
    engines: {node: '>=14.0.0'}
    cpu: [x64]
    os: [win32]

  '@quansync/fs@1.0.0':
    resolution: {integrity: sha512-4TJ3DFtlf1L5LDMaM6CanJ/0lckGNtJcMjQ1NAV6zDmA0tEHKZtxNKin8EgPaVX1YzljbxckyT2tJrpQKAtngQ==}

  '@rolldown/binding-android-arm64@1.2.4':
    resolution: {integrity: sha512-jHC2cnyKz5xU2fhECtFl8OZ83cYNt13GZQD+0uMJ/X3o+ijmd56okHhTUwxVSHPx1IRVIJEZ1/1pPzeLCU6XKA==}
    engines: {node: ^20.19.0 || >=22.12.0}
    cpu: [arm64]
    os: [android]

  '@rolldown/binding-darwin-arm64@1.2.4':
    resolution: {integrity: sha512-Dc5mPD8F5F/FS8i01syd7FTF6yB2fVthH/TRkjwJkzUK6EpoxHtqvZQP5Zwq80/5z19TWYHIg1KOHboCgVx/aQ==}
    engines: {node: ^20.19.0 || >=22.12.0}
    cpu: [arm64]
    os: [darwin]

  '@rolldown/binding-darwin-x64@1.2.4':
    resolution: {integrity: sha512-fpDm4oBo6SqLvWUYCmFhdde3U9KH2fRNNMeAnAPAIwxRL345xutL0EtEUcuoxsoazdJGv/MuDBQHlCDrtbvqOg==}
    engines: {node: ^20.19.0 || >=22.12.0}
    cpu: [x64]
    os: [darwin]

  '@rolldown/binding-freebsd-x64@1.2.4':
    resolution: {integrity: sha512-rSJoreDE/HoIzoaib6MTp5jQtCTdMHKIvItAKT/ImS6Y6Ww76oUaeMyp4Vc/fAgd/ehji068IxetHXAnqUwN9A==}
    engines: {node: ^20.19.0 || >=22.12.0}
    cpu: [x64]
    os: [freebsd]

  '@rolldown/binding-linux-arm-gnueabihf@1.2.4':
    resolution: {integrity: sha512-/jm8OGHgn7oGaJu3i/qZI9spUGcJ+y/lk43ttQ/iO1tOd9NissG6o97bighBCiL+BKRngmcDuR6ikfwYdJmVuQ==}
    engines: {node: ^20.19.0 || >=22.12.0}
    cpu: [arm]
    os: [linux]

  '@rolldown/binding-linux-arm64-gnu@1.2.4':
    resolution: {integrity: sha512-tIP06BeD9EqvECBrPZ+sqdPlYrT+aYaAiu1wYziVx5elRK/ftm33JxVDy2bXGbr6J0CrtirCkR87/X5a2euEng==}
    engines: {node: ^20.19.0 || >=22.12.0}
    cpu: [arm64]
    os: [linux]
    libc: [glibc]

  '@rolldown/binding-linux-arm64-musl@1.2.4':
    resolution: {integrity: sha512-Ql1Q0EQqVThvn9VAVlwNzsUvbSFtCMGjLpRRi4pk5i7NZZ4n5ISiLMjHYtus4VQ2PvkSw24zyaCVsiS+sXPj1w==}
    engines: {node: ^20.19.0 || >=22.12.0}
    cpu: [arm64]
    os: [linux]
    libc: [musl]

  '@rolldown/binding-linux-ppc64-gnu@1.2.4':
    resolution: {integrity: sha512-GjbjXD4XXfN19D0LZNbmiCBUoDiRACsYHr0yaIbbn8aFsXjHZifcYqu/W5Er5X2X990WjHXFrxarn5chzItorQ==}
    engines: {node: ^20.19.0 || >=22.12.0}
    cpu: [ppc64]
    os: [linux]
    libc: [glibc]

  '@rolldown/binding-linux-s390x-gnu@1.2.4':
    resolution: {integrity: sha512-p5WR0NOwaRmJ/B1b6IjEFLLivwEsf3PrdBIhRbhTCQisbo2SvHHpG4ELB/+FgQNnB88LTOF86upmJmbvZdQ2lw==}
    engines: {node: ^20.19.0 || >=22.12.0}
    cpu: [s390x]
    os: [linux]
    libc: [glibc]

  '@rolldown/binding-linux-x64-gnu@1.2.4':
    resolution: {integrity: sha512-4/GyVjmhR+Tc6HLJvwc1sOhPqAZtySiSMesOZyX6JQ5XBxoTDEMKQzvo07NIK6nTon/SivlZqvhzvuVBNQhObQ==}
    engines: {node: ^20.19.0 || >=22.12.0}
    cpu: [x64]
    os: [linux]
    libc: [glibc]

  '@rolldown/binding-linux-x64-musl@1.2.4':
    resolution: {integrity: sha512-l9eeLsCNvPpmSXUej0etw/J1eqV0Jj1D5G/xG6YTijmE6dkv6E2QezgWbTfQk63v952DPqrjOCoiqxq7Bw0YUQ==}
    engines: {node: ^20.19.0 || >=22.12.0}
    cpu: [x64]
    os: [linux]
    libc: [musl]

  '@rolldown/binding-openharmony-arm64@1.2.4':
    resolution: {integrity: sha512-e0F355MSTMm3+UOqtV3L24gFUp2N5m1f8L/7d56deik6va+AXdrt9F8LbzGpeWGWRbZEDq4m8NVnJDeBtf9DZg==}
    engines: {node: ^20.19.0 || >=22.12.0}
    cpu: [arm64]
    os: [openharmony]

  '@rolldown/binding-win32-arm64-msvc@1.2.4':
    resolution: {integrity: sha512-AWLi0uBRYh6QlE7OKhiz+phZC0qwtij2QZmhmOdsLdFn64m7oMpooE9ICE3lhm9xMb4SpDo2WbHcxX1iFLFtqw==}
    engines: {node: ^20.19.0 || >=22.12.0}
    cpu: [arm64]
    os: [win32]

  '@rolldown/binding-win32-x64-msvc@1.2.4':
    resolution: {integrity: sha512-UwSDJOg3dqCAejWdxclJjCsh3Qq4vLYMDxmyHqo1btz3stK2VqgwNd3mm5tuIwzSlGIQ/1H9Hr+Zn09mrezNqQ==}
    engines: {node: ^20.19.0 || >=22.12.0}
    cpu: [x64]
    os: [win32]

  '@rolldown/pluginutils@1.0.1':
    resolution: {integrity: sha512-2j9bGt5Jh8hj+vPtgzPtl72j0yRxHAyumoo6TNfAjsLB04UtpSvPbPcDcBMxz7n+9CYB0c1GxQFxYRg2jimqGw==}

  '@rollup/rollup-android-arm-eabi@4.62.4':
    resolution: {integrity: sha512-RrPokAb7dmbxFoeO3TloqHyOjgye8RkBhSqmp4aJMIex4c9r46ZstPnleDQOq1t46VOVjwIuwNogIqbodV1Vvg==}
    cpu: [arm]
    os: [android]

  '@rollup/rollup-android-arm64@4.62.4':
    resolution: {integrity: sha512-JKuJc+pnpks2pjy7L/N3v/cAkZxYlnmuZoD840ldbMI5KDbC4iO9NKwPKYdjYFCMAIIlBzYSFHxIJVYzRo2/8A==}
    cpu: [arm64]
    os: [android]

  '@rollup/rollup-darwin-arm64@4.62.4':
    resolution: {integrity: sha512-krw5uS2STmvJ02x0uTXHbqQNuz+9eZ1iw+qXk9dmW2gvV4jV7O2hEoOnuhFrpOPiel1mBFtqbxYZZtC46hXLOw==}
    cpu: [arm64]
    os: [darwin]

  '@rollup/rollup-darwin-x64@4.62.4':
    resolution: {integrity: sha512-wsTxtgApb4PrOsNJIm0FZ1h3WvCC+k9uxLJ4ad75hgoS4NiRes2SoJFlDAyMwiUY8IssDqGcHbXuN0sx1tfF1A==}
    cpu: [x64]
    os: [darwin]

  '@rollup/rollup-freebsd-arm64@4.62.4':
    resolution: {integrity: sha512-GUOnQlyZe3yAXhWOtOMsn5Qkrv5E5mZXa0thbARWi5Ei2szlVXJFQhddZ4HbAzh8q92w5twp+CQvs/eFanz9YQ==}
    cpu: [arm64]
    os: [freebsd]

  '@rollup/rollup-freebsd-x64@4.62.4':
    resolution: {integrity: sha512-/Y7f3QuxjzPKsjA/rfEDa3+0vXqyjmJ50Ln8dPpCmWkKTrUoWHG1cWhTqaAMLob2m2nESWuC7yGrREz019Ztqg==}
    cpu: [x64]
    os: [freebsd]

  '@rollup/rollup-linux-arm-gnueabihf@4.62.4':
    resolution: {integrity: sha512-81wiiX3v7aqy+T+bT61TJ78yJjRquqFFTTbAPt08imfQQzkPIW8t6aJbkTagtCCrXMNc9D66+geqlK7ydLPNqA==}
    cpu: [arm]
    os: [linux]
    libc: [glibc]

  '@rollup/rollup-linux-arm-musleabihf@4.62.4':
    resolution: {integrity: sha512-9kmDIvNZqdoHOBZgNtpTBeLWYO/LVipM3H/j62P8848/l/VPEQL6N3uxU9pvP1oZAsXyC2MEnFP3ovRjo7WYNQ==}
    cpu: [arm]
    os: [linux]
    libc: [musl]

  '@rollup/rollup-linux-arm64-gnu@4.62.4':
    resolution: {integrity: sha512-CcnXHWnXg69g+DX5VWL3FHts3qMRN2uVEHX+BZvGLdd07/gXkn3ePjYtO1LDJvxkGKVHMclKBRa1QUTH+6toYQ==}
    cpu: [arm64]
    os: [linux]
    libc: [glibc]

  '@rollup/rollup-linux-arm64-musl@4.62.4':
    resolution: {integrity: sha512-iFOibiHnTRuhrWLlRsOQFdZJJIa7S8OwkneJr4ocALP16u5yk6lWLINFwhHaEqBFMsKDUZofLkGos7+CPzGB3g==}
    cpu: [arm64]
    os: [linux]
    libc: [musl]

  '@rollup/rollup-linux-loong64-gnu@4.62.4':
    resolution: {integrity: sha512-XnWYMI7euHlb5a871xPja+Gm7DRCFU+FGRrtS2sMq9N8FvqtpagUy6gD4YOemC5MRk9xbh8+jYMEJbigFQwsgA==}
    cpu: [loong64]
    os: [linux]
    libc: [glibc]

  '@rollup/rollup-linux-loong64-musl@4.62.4':
    resolution: {integrity: sha512-qGDAlO0U8xedCcsdRm9oaoQY8DAx/QT7uIxJWhCdx0ceIWX783UC9QSYkdpzAe29wNiVfp24+bZdQmn49o45SQ==}
    cpu: [loong64]
    os: [linux]
    libc: [musl]

  '@rollup/rollup-linux-ppc64-gnu@4.62.4':
    resolution: {integrity: sha512-ru4H6ezD7ysA5EiEK6qkkaEb4modH8CTej6kUy/gQi20u3kB3G7Zn8snXXkeJSCOFKG/rbPPtM/+9Wgas1961w==}
    cpu: [ppc64]
    os: [linux]
    libc: [glibc]

  '@rollup/rollup-linux-ppc64-musl@4.62.4':
    resolution: {integrity: sha512-2W4MO5WQVJnbJaZdvDb9rhBDuFU1nKIepPFpJUBsTh2k1YY2g+ODViaWuyOAjQ5cOP7NvrvLzt3wvHOoiAvc7w==}
    cpu: [ppc64]
    os: [linux]
    libc: [musl]

  '@rollup/rollup-linux-riscv64-gnu@4.62.4':
    resolution: {integrity: sha512-+fxjfuoAmVMCYV5QyjoIpu0cp5DOiOTeqYFk1AVaxGr+/ravWLX89XfQmptsoWcaVy/TGf2hexzbUOrCQIL1CQ==}
    cpu: [riscv64]
    os: [linux]
    libc: [glibc]

  '@rollup/rollup-linux-riscv64-musl@4.62.4':
    resolution: {integrity: sha512-jTn8JfHGL4djjFxPuM06LmNUJDsst2jeVlsd9OmIH6zc5sC9K6rIuO4YajXatLUpBmBKl6b35ro1QZocLi+tcA==}
    cpu: [riscv64]
    os: [linux]
    libc: [musl]

  '@rollup/rollup-linux-s390x-gnu@4.62.4':
    resolution: {integrity: sha512-oCJCJL4pXsoDcP2QZ+JVlPTIRc6266zsIaeJJsWImmF7HO0W8nb6HuSgZlMWxJwaPf8ehbSw8yo0EUw925hKsA==}
    cpu: [s390x]
    os: [linux]
    libc: [glibc]

  '@rollup/rollup-linux-x64-gnu@4.62.4':
    resolution: {integrity: sha512-W69hukhZ3KKNRCaMIEzKvcFye42hh0FE1+YoYaf5+Ikacuftoco6yO/xouz0hc5d5W/s3yBro5jRiuEE/Q5vUw==}
    cpu: [x64]
    os: [linux]
    libc: [glibc]

  '@rollup/rollup-linux-x64-musl@4.62.4':
    resolution: {integrity: sha512-qiXbGG2jkjXhzXpsFZSR2Xpb8DN/UaxYsbb/STbuR/6fpaDgRmmaq1B/LmtF2wQFOFOSsK2jdE0RZ3a0zHn4QA==}
    cpu: [x64]
    os: [linux]
    libc: [musl]

  '@rollup/rollup-openbsd-x64@4.62.4':
    resolution: {integrity: sha512-nWeM//hxv8mIo6jD7Hu4o48DVmV9pbV6gsKaWU+4NFyqHoPKwrkRiZGLKUhOBk8qNmDmpwFtPKg80Bo/Tn4xiQ==}
    cpu: [x64]
    os: [openbsd]

  '@rollup/rollup-openharmony-arm64@4.62.4':
    resolution: {integrity: sha512-s62SQ/vgsRSvMwDkOEfTqfgASF0f26ZNaQuTA6Aok5lrikf89yI2W0gFHvZb2Jpgc6N8JnOKZgCK2iciO3CsxQ==}
    cpu: [arm64]
    os: [openharmony]

  '@rollup/rollup-win32-arm64-msvc@4.62.4':
    resolution: {integrity: sha512-J6wGf8TVGbXJq+HH+ttTvrcfNKPbuZecV6KT1B8I18BC5IURUh5kl4Yl5OEP5eFIUoI5BWxCsyYMhFsDx8kekw==}
    cpu: [arm64]
    os: [win32]

  '@rollup/rollup-win32-ia32-msvc@4.62.4':
    resolution: {integrity: sha512-zmfrQd/0wu6oJs8Vq8KwY/YtsKSsLtKe/HwAP4Wqy8LhWjeT55fHRAkOhYQ12wI3ayS4Tt12d5CDRD7N96SAYQ==}
    cpu: [ia32]
    os: [win32]

  '@rollup/rollup-win32-x64-gnu@4.62.4':
    resolution: {integrity: sha512-qPzHqdj9rfUD+w79dtE07zi/kFwKyCJqplp5K5ygeLTp7jLpAoc16OAH39HSmRC9UpozaecsleI8uAdEj6v2yw==}
    cpu: [x64]
    os: [win32]

  '@rollup/rollup-win32-x64-msvc@4.62.4':
    resolution: {integrity: sha512-zD6NdeWEByGE9QF9vCrlJ5YQB4oq9q91kPZS37Jwj5hOkvR1lTBSpsKhKDw4IJtbQ35LsTS1HD9DZYGKIshU1Q==}
    cpu: [x64]
    os: [win32]

  '@standard-schema/spec@1.1.0':
    resolution: {integrity: sha512-l2aFy5jALhniG5HgqrD6jXLi/rUWrKvqN/qJx6yoJsgKhblVd+iqqU4RCXavm/jPityDo5TCvKMnpjKnOriy0w==}

  '@tybys/wasm-util@0.10.3':
    resolution: {integrity: sha512-F3fo1MYrRJYL3zER0OUOmkutjr1Vp23m7OsSgp7nq4SP6OqX6C/56XFIPAl5bt3zaBRjmW7SGz3u/6LwFpYcOg==}

  '@types/estree@1.0.9':
    resolution: {integrity: sha512-GhdPgy1el4/ImP05X05Uw4cw2/M93BCUmnEvWZNStlCzEKME4Fkk+YpoA5OiHNQmoS7Cafb8Xa3Pya8m1Qrzeg==}

  '@types/node@22.20.1':
    resolution: {integrity: sha512-EANqOCF9QFyra+4pfxUcX9STKJpCLjMbObVzljIJomAWSnuSIEAvyzEU53GaajbXJEgdh0iEcPL+DGvpUd4k1Q==}

  acorn@8.18.0:
    resolution: {integrity: sha512-lGq+9yr1/GuAWaVYIHRjvvySG5/4VfKIvC8EWxStPdcDh/Ka7FG3twP6v4d5BkravUilhIAsG4Qj83t02LWUPQ==}
    engines: {node: '>=0.4.0'}
    hasBin: true

  ansis@3.17.0:
    resolution: {integrity: sha512-0qWUglt9JEqLFr3w1I1pbrChn1grhaiAR2ocX1PP/flRmxgtwTzPFFFnfIlD6aMOLQZgSuCRlidD70lvx8yhzg==}
    engines: {node: '>=14'}

  cac@6.7.14:
    resolution: {integrity: sha512-b6Ilus+c3RrdDk+JhLKUAQfzzgLEPy6wcXqS7f/xe1EETvsDP6GORG7SFuOs6cID5YkqchW/LXZbX5bc8j7ZcQ==}
    engines: {node: '>=8'}

  chokidar@4.0.3:
    resolution: {integrity: sha512-Qgzu8kfBvo+cA4962jnP1KkS6Dop5NS6g7R5LFYJr4b8Ub94PPQXUksCw9PvXoeXPRRddRNC5C1JQUR2SMGtnA==}
    engines: {node: '>= 14.16.0'}

  confbox@0.2.4:
    resolution: {integrity: sha512-ysOGlgTFbN2/Y6Cg3Iye8YKulHw+R2fNXHrgSmXISQdMnomY6eNDprVdW9R5xBguEqI954+S6709UyiO7B+6OQ==}

  consola@3.4.2:
    resolution: {integrity: sha512-5IKcdX0nnYavi6G7TtOhwkYzyjfJlatbjMjuLSfE2kYT5pMDOilZ4OvMhi637CcDICTmz3wARPoyhqyX1Y+XvA==}
    engines: {node: ^14.18.0 || >=16.10.0}

  convert-source-map@2.0.0:
    resolution: {integrity: sha512-Kvp459HrV2FEJ1CAsi1Ku+MY3kasH19TFykTz2xWmMeq6bk2NU3XXvfJ+Q61m0xktWwt+1HSYf3JZsTms3aRJg==}

  debug@4.4.3:
    resolution: {integrity: sha512-RGwwWnwQvkVfavKVt22FGLw+xYSdzARwm0ru6DhTVA3umU5hZc28V3kO4stgYryrTlLpuvgI9GiijltAjNbcqA==}
    engines: {node: '>=6.0'}
    peerDependencies:
      supports-color: '*'
    peerDependenciesMeta:
      supports-color:
        optional: true

  defu@6.1.7:
    resolution: {integrity: sha512-7z22QmUWiQ/2d0KkdYmANbRUVABpZ9SNYyH5vx6PZ+nE5bcC0l7uFvEfHlyld/HcGBFTL536ClDt3DEcSlEJAQ==}

  diff@7.0.0:
    resolution: {integrity: sha512-PJWHUb1RFevKCwaFA9RlG5tCd+FO5iRh9A8HEtkmBH2Li03iJriB6m6JIN4rGz3K3JLawI7/veA1xzRKP6ISBw==}
    engines: {node: '>=0.3.1'}

  exsolve@1.1.1:
    resolution: {integrity: sha512-9U/jZUgjnSGyntRr6y5Muu1MJcwFl6kPu7k8qLF0IMNfLqvw0NZ4nnVDq0RVoZ0RvCyumib4Ez3KYrVfilrw+g==}

  fdir@6.5.0:
    resolution: {integrity: sha512-tIbYtZbucOs0BRGqPJkshJUYdL+SDH7dVM8gjy+ERp3WAUjLEFJE+02kanyHtwjWOnwrKYBiwAmM0p4kLJAnXg==}
    engines: {node: '>=12.0.0'}
    peerDependencies:
      picomatch: ^3 || ^4
    peerDependenciesMeta:
      picomatch:
        optional: true

  fsevents@2.3.3:
    resolution: {integrity: sha512-5xoDfX+fL7faATnagmWPpbFtwh/R77WmMMqqHGS65C3vvB0YHrgF+B1YmZ3441tMj5n63k0212XNoJwzlhffQw==}
    engines: {node: ^8.16.0 || ^10.6.0 || >=11.0.0}
    os: [darwin]

  jiti@2.7.0:
    resolution: {integrity: sha512-AC/7JofJvZGrrneWNaEnJeOLUx+JlGt7tNa0wZiRPT4MY1wmfKjt2+6O2p2uz2+skll8OZZmJMNqeke7kKbNgQ==}
    hasBin: true

  js-tokens@10.0.0:
    resolution: {integrity: sha512-lM/UBzQmfJRo9ABXbPWemivdCW8V2G8FHaHdypQaIy523snUjog0W71ayWXTjiR+ixeMyVHN2XcpnTd/liPg/Q==}

  magic-string@0.30.21:
    resolution: {integrity: sha512-vd2F4YUyEXKGcLHoq+TEyCjxueSeHnFxyyjNp80yg0XV4vUhnDer/lvvlqM/arB5bXQN5K2/3oinyCRyx8T2CQ==}

  ms@2.1.3:
    resolution: {integrity: sha512-6FlzubTLZG3J2a/NVCAleEhjzq5oxgHyaCU9yYXvcLsvoVaHJq/s5xXI6/XXP6tz7R9xAOtHnSO/tXtF3WRTlA==}

  oxc-parser@0.68.1:
    resolution: {integrity: sha512-dHwz+xP9r1GTvqyywfws4j7EEP/OaeTpHEjTcvIjViB/R2IdUn52AnoUFNjpw8yRU52XVE76rOA4IEj7I0EjnA==}
    engines: {node: '>=14.0.0'}

  oxc-resolver@5.3.0:
    resolution: {integrity: sha512-FHqtZx0idP5QRPSNcI5g2ItmADg7fhR3XIeWg5eRMGfp44xqRpfkdvo+EX4ZceqV9bxvl0Z8vaqMqY0gYaNYNA==}

  oxc-transform@0.68.1:
    resolution: {integrity: sha512-a3P3cdSp8rUAMmL22QcM1+Hcs12c/0/Gj9brUQfhXARCbxZXDKocVGlXi5BAsqjsQjM5rFMC6ef2HuuQHHN+gA==}
    engines: {node: '>=14.0.0'}

  pathe@2.0.3:
    resolution: {integrity: sha512-WUjGcAqP1gQacoQe+OBJsFA7Ld4DyXuUIjZ5cc75cLHvJ7dtNsTugphxIADwspS+AraAUePCKrSVtPLFj/F88w==}

  picomatch@4.0.5:
    resolution: {integrity: sha512-RvwwcruNjI1ncT5xRakeyS9Lf8lcItv34KD+aif+VH9kduAyfYBipGh12274xtenIPZ119/R9BdTBa8gAwSh0A==}
    engines: {node: '>=12'}

  pkg-types@2.3.1:
    resolution: {integrity: sha512-y+ichcgc2LrADuhLNAx8DFjVfgz91pRxfZdI3UDhxHvcVEZsenLO+7XaU5vOp0u/7V/wZ+plyuQxtrDlZJ+yeg==}

  quansync@1.0.0:
    resolution: {integrity: sha512-5xZacEEufv3HSTPQuchrvV6soaiACMFnq1H8wkVioctoH3TRha9Sz66lOxRwPK/qZj7HPiSveih9yAyh98gvqA==}

  readdirp@4.1.2:
    resolution: {integrity: sha512-GDhwkLfywWL2s6vEjyhri+eXmfH6j1L7JE27WhqLeYzoh/A3DBaYGEj2H/HFZCn/kMfim73FXxEJTw06WtxQwg==}
    engines: {node: '>= 14.18.0'}

  rolldown@1.2.4:
    resolution: {integrity: sha512-rSr7irW0K7QRWzjdJXqZowkcRdDtjRduh43rBltnVKd0VFq839l1lJoDvGJb6gl7+4rTTCrPWu+YfujUL8Ug7w==}
    engines: {node: ^20.19.0 || >=22.12.0}
    hasBin: true

  rollup-plugin-dts@6.5.1:
    resolution: {integrity: sha512-jODTXp3H7MK/Ur/ErtsrQ0G1GvaCmc3du+y5pNrdBMf6d7HlL2Nd/N6TkEr+f75CkUj01zEoEd7y2elH0eHi1Q==}
    engines: {node: '>=20'}
    peerDependencies:
      '@typescript/typescript6': ^6
      rollup: ^3 || ^4
      typescript: ^4.5 || ^5 || ^6 || ^7
    peerDependenciesMeta:
      '@typescript/typescript6':
        optional: true

  rollup@4.62.4:
    resolution: {integrity: sha512-RXOqwaPsBGjMNMa4sQjDjHieHEZDFoj/Rdr46l2MU5DfEs16wHJPC2RPTPHWhNl+M3aI472LLqFkFKut4SblOg==}
    engines: {node: '>=18.0.0', npm: '>=8.0.0'}
    hasBin: true

  tinyglobby@0.2.17:
    resolution: {integrity: sha512-wXR/dYpcqKmfWpEdZjiKJOwCNFndD0DMnrW/cYjVGttEkBfVgcLFHoNrlj47mjOVic9yyNu65alsgF4NQyTa2g==}
    engines: {node: '>=12.0.0'}

  tsdown@0.6.10:
    resolution: {integrity: sha512-z8+r/9ToKADbsCoGY29z6h7gzJGCB/65NMFou492ZwqXSO50Z3RaV9FHnB8zqpR1tVdSdQJJap7vE3IpjwDV/Q==}
    engines: {node: '>=18.0.0'}
    hasBin: true
    peerDependencies:
      publint: ^0.3.0
      unplugin-unused: ^0.4.0
    peerDependenciesMeta:
      publint:
        optional: true
      unplugin-unused:
        optional: true

  tslib@2.8.1:
    resolution: {integrity: sha512-oJFu94HQb+KVduSUQL7wnpmqnfmLsOA/nAh6b6EH0wCEoK0/mPeXU6c3wKDV83MkOuHPRHtSXKKU99IBazS/2w==}

  typescript@5.9.3:
    resolution: {integrity: sha512-jl1vZzPDinLr9eUt3J/t7V6FgNEw9QjvBPdysz9KfQDD41fQrC2Y4vKQdiaUpFT4bXlb1RHhLpp8wtm6M5TgSw==}
    engines: {node: '>=14.17'}
    hasBin: true

  unconfig-core@7.5.0:
    resolution: {integrity: sha512-Su3FauozOGP44ZmKdHy2oE6LPjk51M/TRRjHv2HNCWiDvfvCoxC2lno6jevMA91MYAdCdwP05QnWdWpSbncX/w==}

  unconfig@7.5.0:
    resolution: {integrity: sha512-oi8Qy2JV4D3UQ0PsopR28CzdQ3S/5A1zwsUwp/rosSbfhJ5z7b90bIyTwi/F7hCLD4SGcZVjDzd4XoUQcEanvA==}

  undici-types@6.21.0:
    resolution: {integrity: sha512-iwDZqg0QAGrg9Rav5H4n0M64c3mkR59cJ6wQp+7C4nI0gsmExaedaYLNO44eT4AtBBwjbTiGPMlt2Md0T9H9JQ==}

  unplugin-isolated-decl@0.13.11:
    resolution: {integrity: sha512-EDGBKPSEPq2n+lmCrBo98h9vJA54RfZys3Mif9JaO7q+lQnLfH9kDw46uxjIwQ+qi556n5AWldq0u2HS6ePIbQ==}
    engines: {node: '>=18.12.0'}
    peerDependencies:
      '@swc/core': ^1.6.6
      typescript: ^5.5.2
    peerDependenciesMeta:
      '@swc/core':
        optional: true
      typescript:
        optional: true

  unplugin-utils@0.2.5:
    resolution: {integrity: sha512-gwXJnPRewT4rT7sBi/IvxKTjsms7jX7QIDLOClApuZwR49SXbrB1z2NLUZ+vDHyqCj/n58OzRRqaW+B8OZi8vg==}
    engines: {node: '>=18.12.0'}

  unplugin@2.3.11:
    resolution: {integrity: sha512-5uKD0nqiYVzlmCRs01Fhs2BdkEgBS3SAVP6ndrBsuK42iC2+JHyxM05Rm9G8+5mkmRtzMZGY8Ct5+mliZxU/Ww==}
    engines: {node: '>=18.12.0'}

  webpack-virtual-modules@0.6.2:
    resolution: {integrity: sha512-66/V2i5hQanC51vBQKPH4aI8NMAcBW59FVBs+rC7eGHupMyfn34q7rZIE+ETlJ+XTevqfUhVVBgSUNSW2flEUQ==}

snapshots:

  '@babel/code-frame@8.0.0':
    dependencies:
      '@babel/helper-validator-identifier': 8.0.4
      js-tokens: 10.0.0
    optional: true

  '@babel/helper-validator-identifier@8.0.4':
    optional: true

  '@deepseek-ai/cordis@4.0.1':
    dependencies:
      '@deepseek-ai/cosmokit': 1.8.2
      '@standard-schema/spec': 1.1.0

  '@deepseek-ai/cosmokit@1.8.2': {}

  '@deepseek-ai/dsh-host-webserver@0.0.1-rc.1(@deepseek-ai/cordis@4.0.1)(@deepseek-ai/dsh-invariants@0.0.1-rc.1(@deepseek-ai/cordis@4.0.1))':
    dependencies:
      '@deepseek-ai/cordis': 4.0.1
      '@deepseek-ai/dsh-invariants': 0.0.1-rc.1(@deepseek-ai/cordis@4.0.1)
      '@deepseek-ai/schemastery': 3.18.1

  '@deepseek-ai/dsh-invariants@0.0.1-rc.1(@deepseek-ai/cordis@4.0.1)':
    dependencies:
      '@deepseek-ai/cordis': 4.0.1
      '@deepseek-ai/schemastery': 3.18.1

  '@deepseek-ai/schemastery@3.18.1':
    dependencies:
      '@deepseek-ai/cosmokit': 1.8.2
      '@standard-schema/spec': 1.1.0

  '@emnapi/core@1.11.3':
    dependencies:
      '@emnapi/wasi-threads': 1.2.3
      tslib: 2.8.1
    optional: true

  '@emnapi/runtime@1.11.3':
    dependencies:
      tslib: 2.8.1
    optional: true

  '@emnapi/wasi-threads@1.2.3':
    dependencies:
      tslib: 2.8.1
    optional: true

  '@jridgewell/gen-mapping@0.3.13':
    dependencies:
      '@jridgewell/sourcemap-codec': 1.5.5
      '@jridgewell/trace-mapping': 0.3.31

  '@jridgewell/remapping@2.3.5':
    dependencies:
      '@jridgewell/gen-mapping': 0.3.13
      '@jridgewell/trace-mapping': 0.3.31

  '@jridgewell/resolve-uri@3.1.2': {}

  '@jridgewell/sourcemap-codec@1.5.5': {}

  '@jridgewell/trace-mapping@0.3.31':
    dependencies:
      '@jridgewell/resolve-uri': 3.1.2
      '@jridgewell/sourcemap-codec': 1.5.5

  '@napi-rs/lzma-linux-x64-gnu@1.5.1':
    optional: true

  '@napi-rs/wasm-runtime@0.2.12':
    dependencies:
      '@emnapi/core': 1.11.3
      '@emnapi/runtime': 1.11.3
      '@tybys/wasm-util': 0.10.3
    optional: true

  '@oxc-parser/binding-darwin-arm64@0.68.1':
    optional: true

  '@oxc-parser/binding-darwin-x64@0.68.1':
    optional: true

  '@oxc-parser/binding-linux-arm-gnueabihf@0.68.1':
    optional: true

  '@oxc-parser/binding-linux-arm64-gnu@0.68.1':
    optional: true

  '@oxc-parser/binding-linux-arm64-musl@0.68.1':
    optional: true

  '@oxc-parser/binding-linux-x64-gnu@0.68.1':
    optional: true

  '@oxc-parser/binding-linux-x64-musl@0.68.1':
    optional: true

  '@oxc-parser/binding-wasm32-wasi@0.68.1':
    dependencies:
      '@napi-rs/wasm-runtime': 0.2.12
    optional: true

  '@oxc-parser/binding-win32-arm64-msvc@0.68.1':
    optional: true

  '@oxc-parser/binding-win32-x64-msvc@0.68.1':
    optional: true

  '@oxc-project/types@0.144.0': {}

  '@oxc-project/types@0.68.1': {}

  '@oxc-resolver/binding-darwin-arm64@5.3.0':
    optional: true

  '@oxc-resolver/binding-darwin-x64@5.3.0':
    optional: true

  '@oxc-resolver/binding-freebsd-x64@5.3.0':
    optional: true

  '@oxc-resolver/binding-linux-arm-gnueabihf@5.3.0':
    optional: true

  '@oxc-resolver/binding-linux-arm64-gnu@5.3.0':
    optional: true

  '@oxc-resolver/binding-linux-arm64-musl@5.3.0':
    optional: true

  '@oxc-resolver/binding-linux-riscv64-gnu@5.3.0':
    optional: true

  '@oxc-resolver/binding-linux-s390x-gnu@5.3.0':
    optional: true

  '@oxc-resolver/binding-linux-x64-gnu@5.3.0':
    optional: true

  '@oxc-resolver/binding-linux-x64-musl@5.3.0':
    optional: true

  '@oxc-resolver/binding-wasm32-wasi@5.3.0':
    dependencies:
      '@napi-rs/wasm-runtime': 0.2.12
    optional: true

  '@oxc-resolver/binding-win32-arm64-msvc@5.3.0':
    optional: true

  '@oxc-resolver/binding-win32-x64-msvc@5.3.0':
    optional: true

  '@oxc-transform/binding-darwin-arm64@0.68.1':
    optional: true

  '@oxc-transform/binding-darwin-x64@0.68.1':
    optional: true

  '@oxc-transform/binding-linux-arm-gnueabihf@0.68.1':
    optional: true

  '@oxc-transform/binding-linux-arm64-gnu@0.68.1':
    optional: true

  '@oxc-transform/binding-linux-arm64-musl@0.68.1':
    optional: true

  '@oxc-transform/binding-linux-x64-gnu@0.68.1':
    optional: true

  '@oxc-transform/binding-linux-x64-musl@0.68.1':
    optional: true

  '@oxc-transform/binding-wasm32-wasi@0.68.1':
    dependencies:
      '@napi-rs/wasm-runtime': 0.2.12
    optional: true

  '@oxc-transform/binding-win32-arm64-msvc@0.68.1':
    optional: true

  '@oxc-transform/binding-win32-x64-msvc@0.68.1':
    optional: true

  '@quansync/fs@1.0.0':
    dependencies:
      quansync: 1.0.0

  '@rolldown/binding-android-arm64@1.2.4':
    optional: true

  '@rolldown/binding-darwin-arm64@1.2.4':
    optional: true

  '@rolldown/binding-darwin-x64@1.2.4':
    optional: true

  '@rolldown/binding-freebsd-x64@1.2.4':
    optional: true

  '@rolldown/binding-linux-arm-gnueabihf@1.2.4':
    optional: true

  '@rolldown/binding-linux-arm64-gnu@1.2.4':
    optional: true

  '@rolldown/binding-linux-arm64-musl@1.2.4':
    optional: true

  '@rolldown/binding-linux-ppc64-gnu@1.2.4':
    optional: true

  '@rolldown/binding-linux-s390x-gnu@1.2.4':
    optional: true

  '@rolldown/binding-linux-x64-gnu@1.2.4':
    optional: true

  '@rolldown/binding-linux-x64-musl@1.2.4':
    optional: true

  '@rolldown/binding-openharmony-arm64@1.2.4':
    optional: true

  '@rolldown/binding-win32-arm64-msvc@1.2.4':
    optional: true

  '@rolldown/binding-win32-x64-msvc@1.2.4':
    optional: true

  '@rolldown/pluginutils@1.0.1': {}

  '@rollup/rollup-android-arm-eabi@4.62.4':
    optional: true

  '@rollup/rollup-android-arm64@4.62.4':
    optional: true

  '@rollup/rollup-darwin-arm64@4.62.4':
    optional: true

  '@rollup/rollup-darwin-x64@4.62.4':
    optional: true

  '@rollup/rollup-freebsd-arm64@4.62.4':
    optional: true

  '@rollup/rollup-freebsd-x64@4.62.4':
    optional: true

  '@rollup/rollup-linux-arm-gnueabihf@4.62.4':
    optional: true

  '@rollup/rollup-linux-arm-musleabihf@4.62.4':
    optional: true

  '@rollup/rollup-linux-arm64-gnu@4.62.4':
    optional: true

  '@rollup/rollup-linux-arm64-musl@4.62.4':
    optional: true

  '@rollup/rollup-linux-loong64-gnu@4.62.4':
    optional: true

  '@rollup/rollup-linux-loong64-musl@4.62.4':
    optional: true

  '@rollup/rollup-linux-ppc64-gnu@4.62.4':
    optional: true

  '@rollup/rollup-linux-ppc64-musl@4.62.4':
    optional: true

  '@rollup/rollup-linux-riscv64-gnu@4.62.4':
    optional: true

  '@rollup/rollup-linux-riscv64-musl@4.62.4':
    optional: true

  '@rollup/rollup-linux-s390x-gnu@4.62.4':
    optional: true

  '@rollup/rollup-linux-x64-gnu@4.62.4':
    optional: true

  '@rollup/rollup-linux-x64-musl@4.62.4':
    optional: true

  '@rollup/rollup-openbsd-x64@4.62.4':
    optional: true

  '@rollup/rollup-openharmony-arm64@4.62.4':
    optional: true

  '@rollup/rollup-win32-arm64-msvc@4.62.4':
    optional: true

  '@rollup/rollup-win32-ia32-msvc@4.62.4':
    optional: true

  '@rollup/rollup-win32-x64-gnu@4.62.4':
    optional: true

  '@rollup/rollup-win32-x64-msvc@4.62.4':
    optional: true

  '@standard-schema/spec@1.1.0': {}

  '@tybys/wasm-util@0.10.3':
    dependencies:
      tslib: 2.8.1
    optional: true

  '@types/estree@1.0.9': {}

  '@types/node@22.20.1':
    dependencies:
      undici-types: 6.21.0

  acorn@8.18.0: {}

  ansis@3.17.0: {}

  cac@6.7.14: {}

  chokidar@4.0.3:
    dependencies:
      readdirp: 4.1.2

  confbox@0.2.4: {}

  consola@3.4.2: {}

  convert-source-map@2.0.0: {}

  debug@4.4.3:
    dependencies:
      ms: 2.1.3

  defu@6.1.7: {}

  diff@7.0.0: {}

  exsolve@1.1.1: {}

  fdir@6.5.0(picomatch@4.0.5):
    optionalDependencies:
      picomatch: 4.0.5

  fsevents@2.3.3:
    optional: true

  jiti@2.7.0: {}

  js-tokens@10.0.0:
    optional: true

  magic-string@0.30.21:
    dependencies:
      '@jridgewell/sourcemap-codec': 1.5.5

  ms@2.1.3: {}

  oxc-parser@0.68.1:
    dependencies:
      '@oxc-project/types': 0.68.1
    optionalDependencies:
      '@oxc-parser/binding-darwin-arm64': 0.68.1
      '@oxc-parser/binding-darwin-x64': 0.68.1
      '@oxc-parser/binding-linux-arm-gnueabihf': 0.68.1
      '@oxc-parser/binding-linux-arm64-gnu': 0.68.1
      '@oxc-parser/binding-linux-arm64-musl': 0.68.1
      '@oxc-parser/binding-linux-x64-gnu': 0.68.1
      '@oxc-parser/binding-linux-x64-musl': 0.68.1
      '@oxc-parser/binding-wasm32-wasi': 0.68.1
      '@oxc-parser/binding-win32-arm64-msvc': 0.68.1
      '@oxc-parser/binding-win32-x64-msvc': 0.68.1

  oxc-resolver@5.3.0:
    optionalDependencies:
      '@oxc-resolver/binding-darwin-arm64': 5.3.0
      '@oxc-resolver/binding-darwin-x64': 5.3.0
      '@oxc-resolver/binding-freebsd-x64': 5.3.0
      '@oxc-resolver/binding-linux-arm-gnueabihf': 5.3.0
      '@oxc-resolver/binding-linux-arm64-gnu': 5.3.0
      '@oxc-resolver/binding-linux-arm64-musl': 5.3.0
      '@oxc-resolver/binding-linux-riscv64-gnu': 5.3.0
      '@oxc-resolver/binding-linux-s390x-gnu': 5.3.0
      '@oxc-resolver/binding-linux-x64-gnu': 5.3.0
      '@oxc-resolver/binding-linux-x64-musl': 5.3.0
      '@oxc-resolver/binding-wasm32-wasi': 5.3.0
      '@oxc-resolver/binding-win32-arm64-msvc': 5.3.0
      '@oxc-resolver/binding-win32-x64-msvc': 5.3.0

  oxc-transform@0.68.1:
    optionalDependencies:
      '@oxc-transform/binding-darwin-arm64': 0.68.1
      '@oxc-transform/binding-darwin-x64': 0.68.1
      '@oxc-transform/binding-linux-arm-gnueabihf': 0.68.1
      '@oxc-transform/binding-linux-arm64-gnu': 0.68.1
      '@oxc-transform/binding-linux-arm64-musl': 0.68.1
      '@oxc-transform/binding-linux-x64-gnu': 0.68.1
      '@oxc-transform/binding-linux-x64-musl': 0.68.1
      '@oxc-transform/binding-wasm32-wasi': 0.68.1
      '@oxc-transform/binding-win32-arm64-msvc': 0.68.1
      '@oxc-transform/binding-win32-x64-msvc': 0.68.1

  pathe@2.0.3: {}

  picomatch@4.0.5: {}

  pkg-types@2.3.1:
    dependencies:
      confbox: 0.2.4
      exsolve: 1.1.1
      pathe: 2.0.3

  quansync@1.0.0: {}

  readdirp@4.1.2: {}

  rolldown@1.2.4:
    dependencies:
      '@oxc-project/types': 0.144.0
      '@rolldown/pluginutils': 1.0.1
    optionalDependencies:
      '@rolldown/binding-android-arm64': 1.2.4
      '@rolldown/binding-darwin-arm64': 1.2.4
      '@rolldown/binding-darwin-x64': 1.2.4
      '@rolldown/binding-freebsd-x64': 1.2.4
      '@rolldown/binding-linux-arm-gnueabihf': 1.2.4
      '@rolldown/binding-linux-arm64-gnu': 1.2.4
      '@rolldown/binding-linux-arm64-musl': 1.2.4
      '@rolldown/binding-linux-ppc64-gnu': 1.2.4
      '@rolldown/binding-linux-s390x-gnu': 1.2.4
      '@rolldown/binding-linux-x64-gnu': 1.2.4
      '@rolldown/binding-linux-x64-musl': 1.2.4
      '@rolldown/binding-openharmony-arm64': 1.2.4
      '@rolldown/binding-win32-arm64-msvc': 1.2.4
      '@rolldown/binding-win32-x64-msvc': 1.2.4

  rollup-plugin-dts@6.5.1(rollup@4.62.4)(typescript@5.9.3):
    dependencies:
      '@jridgewell/remapping': 2.3.5
      '@jridgewell/sourcemap-codec': 1.5.5
      convert-source-map: 2.0.0
      magic-string: 0.30.21
      rollup: 4.62.4
      typescript: 5.9.3
    optionalDependencies:
      '@babel/code-frame': 8.0.0

  rollup@4.62.4:
    dependencies:
      '@types/estree': 1.0.9
    optionalDependencies:
      '@napi-rs/lzma-linux-x64-gnu': 1.5.1
      '@rollup/rollup-android-arm-eabi': 4.62.4
      '@rollup/rollup-android-arm64': 4.62.4
      '@rollup/rollup-darwin-arm64': 4.62.4
      '@rollup/rollup-darwin-x64': 4.62.4
      '@rollup/rollup-freebsd-arm64': 4.62.4
      '@rollup/rollup-freebsd-x64': 4.62.4
      '@rollup/rollup-linux-arm-gnueabihf': 4.62.4
      '@rollup/rollup-linux-arm-musleabihf': 4.62.4
      '@rollup/rollup-linux-arm64-gnu': 4.62.4
      '@rollup/rollup-linux-arm64-musl': 4.62.4
      '@rollup/rollup-linux-loong64-gnu': 4.62.4
      '@rollup/rollup-linux-loong64-musl': 4.62.4
      '@rollup/rollup-linux-ppc64-gnu': 4.62.4
      '@rollup/rollup-linux-ppc64-musl': 4.62.4
      '@rollup/rollup-linux-riscv64-gnu': 4.62.4
      '@rollup/rollup-linux-riscv64-musl': 4.62.4
      '@rollup/rollup-linux-s390x-gnu': 4.62.4
      '@rollup/rollup-linux-x64-gnu': 4.62.4
      '@rollup/rollup-linux-x64-musl': 4.62.4
      '@rollup/rollup-openbsd-x64': 4.62.4
      '@rollup/rollup-openharmony-arm64': 4.62.4
      '@rollup/rollup-win32-arm64-msvc': 4.62.4
      '@rollup/rollup-win32-ia32-msvc': 4.62.4
      '@rollup/rollup-win32-x64-gnu': 4.62.4
      '@rollup/rollup-win32-x64-msvc': 4.62.4
      fsevents: 2.3.3

  tinyglobby@0.2.17:
    dependencies:
      fdir: 6.5.0(picomatch@4.0.5)
      picomatch: 4.0.5

  tsdown@0.6.10(typescript@5.9.3):
    dependencies:
      ansis: 3.17.0
      cac: 6.7.14
      chokidar: 4.0.3
      consola: 3.4.2
      debug: 4.4.3
      diff: 7.0.0
      oxc-resolver: 5.3.0
      pkg-types: 2.3.1
      rolldown: 1.2.4
      rollup: 4.62.4
      rollup-plugin-dts: 6.5.1(rollup@4.62.4)(typescript@5.9.3)
      tinyglobby: 0.2.17
      unconfig: 7.5.0
      unplugin-isolated-decl: 0.13.11(typescript@5.9.3)
    transitivePeerDependencies:
      - '@swc/core'
      - '@typescript/typescript6'
      - supports-color
      - typescript

  tslib@2.8.1:
    optional: true

  typescript@5.9.3: {}

  unconfig-core@7.5.0:
    dependencies:
      '@quansync/fs': 1.0.0
      quansync: 1.0.0

  unconfig@7.5.0:
    dependencies:
      '@quansync/fs': 1.0.0
      defu: 6.1.7
      jiti: 2.7.0
      quansync: 1.0.0
      unconfig-core: 7.5.0

  undici-types@6.21.0: {}

  unplugin-isolated-decl@0.13.11(typescript@5.9.3):
    dependencies:
      debug: 4.4.3
      magic-string: 0.30.21
      oxc-parser: 0.68.1
      oxc-transform: 0.68.1
      unplugin: 2.3.11
      unplugin-utils: 0.2.5
    optionalDependencies:
      typescript: 5.9.3
    transitivePeerDependencies:
      - supports-color

  unplugin-utils@0.2.5:
    dependencies:
      pathe: 2.0.3
      picomatch: 4.0.5

  unplugin@2.3.11:
    dependencies:
      '@jridgewell/remapping': 2.3.5
      acorn: 8.18.0
      picomatch: 4.0.5
      webpack-virtual-modules: 0.6.2

  webpack-virtual-modules@0.6.2: {}
